
Microsoft Visual Studio Solution File, Format Version 12.00
# Visual Studio Version 17
VisualStudioVersion = 17.7.34003.232
MinimumVisualStudioVersion = 10.0.40219.1
Project("{9A19103F-16F7-4668-BE54-9A1E7A4F7556}") = "BankWEB", "BankWEB.csproj", "{FCA87089-A1F3-4DD0-9D4B-ED9A0CAF50F8}"
EndProject
Project("{FAE04EC0-301F-11D3-BF4B-00C04F79EFBC}") = "BankWEB.Tests", "..\BankWEB.Tests\BankWEB.Tests.csproj", "{6FC48E20-F845-47FD-BCE7-8148E4098A04}"
EndProject
Global
	GlobalSection(SolutionConfigurationPlatforms) = preSolution
		Debug|Any CPU = Debug|Any CPU
		Release|Any CPU = Release|Any CPU
	EndGlobalSection
	GlobalSection(ProjectConfigurationPlatforms) = postSolution
		{FCA87089-A1F3-4DD0-9D4B-ED9A0CAF50F8}.Debug|Any CPU.ActiveCfg = Debug|Any CPU
		{FCA87089-A1F3-4DD0-9D4B-ED9A0CAF50F8}.Debug|Any CPU.Build.0 = Debug|Any CPU
		{FCA87089-A1F3-4DD0-9D4B-ED9A0CAF50F8}.Release|Any CPU.ActiveCfg = Release|Any CPU
		{FCA87089-A1F3-4DD0-9D4B-ED9A0CAF50F8}.Release|Any CPU.Build.0 = Release|Any CPU
		{6FC48E20-F845-47FD-BCE7-8148E4098A04}.Debug|Any CPU.ActiveCfg = Debug|Any CPU
		{6FC48E20-F845-47FD-BCE7-8148E4098A04}.Debug|Any CPU.Build.0 = Debug|Any CPU
		{6FC48E20-F845-47FD-BCE7-8148E4098A04}.Release|Any CPU.ActiveCfg = Release|Any CPU
		{6FC48E20-F845-47FD-BCE7-8148E4098A04}.Release|Any CPU.Build.0 = Release|Any CPU
	EndGlobalSection
	GlobalSection(SolutionProperties) = preSolution
		HideSolutionNode = FALSE
	EndGlobalSection
	GlobalSection(ExtensibilityGlobals) = postSolution
		SolutionGuid = {02759561-370B-4780-ABA2-EC562742D580}
	EndGlobalSection
EndGlobal
